
Microsoft Visual Studio Solution File, Format Version 12.00
# Visual Studio Version 17
VisualStudioVersion = 17.11.35222.181
MinimumVisualStudioVersion = 10.0.40219.1
Project("{2150E333-8FDC-42A3-9474-1A3956D46DE8}") = "src", "src", "{0CDE0329-57C0-4B1A-85E1-EB2408BD38BF}"
EndProject
Project("{2150E333-8FDC-42A3-9474-1A3956D46DE8}") = "test", "test", "{86002579-2D43-4A3B-9AE6-C79B04AEF37B}"
EndProject
Project("{FAE04EC0-301F-11D3-BF4B-00C04F79EFBC}") = "Bookify.Domain", "Bookify.Domain\Bookify.Domain.csproj", "{452932BE-D52C-405B-9802-23F54C63674F}"
EndProject
Global
	GlobalSection(SolutionConfigurationPlatforms) = preSolution
		Debug|Any CPU = Debug|Any CPU
		Release|Any CPU = Release|Any CPU
	EndGlobalSection
	GlobalSection(ProjectConfigurationPlatforms) = postSolution
		{452932BE-D52C-405B-9802-23F54C63674F}.Debug|Any CPU.ActiveCfg = Debug|Any CPU
		{452932BE-D52C-405B-9802-23F54C63674F}.Debug|Any CPU.Build.0 = Debug|Any CPU
		{452932BE-D52C-405B-9802-23F54C63674F}.Release|Any CPU.ActiveCfg = Release|Any CPU
		{452932BE-D52C-405B-9802-23F54C63674F}.Release|Any CPU.Build.0 = Release|Any CPU
	EndGlobalSection
	GlobalSection(SolutionProperties) = preSolution
		HideSolutionNode = FALSE
	EndGlobalSection
	GlobalSection(NestedProjects) = preSolution
		{452932BE-D52C-405B-9802-23F54C63674F} = {0CDE0329-57C0-4B1A-85E1-EB2408BD38BF}
	EndGlobalSection
	GlobalSection(ExtensibilityGlobals) = postSolution
		SolutionGuid = {DAFF8FC3-A9E7-4D05-841C-E61519254B73}
	EndGlobalSection
EndGlobal
